
Microsoft Visual Studio Solution File, Format Version 12.00
# Visual Studio 15
VisualStudioVersion = 15.0.28307.489
MinimumVisualStudioVersion = 10.0.40219.1
Project("{9A19103F-16F7-4668-BE54-9A1E7A4F7556}") = "AutoFacLogging", "AutoFacLogging\AutoFacLogging.csproj", "{93724DEE-DDE7-4B98-9937-87739933CA29}"
EndProject
Project("{9A19103F-16F7-4668-BE54-9A1E7A4F7556}") = "Dtos", "Dtos\Dtos.csproj", "{6D2F26DE-7E00-4F92-A74B-3C3B9637146D}"
EndProject
Project("{2150E333-8FDC-42A3-9474-1A3956D46DE8}") = "Solution Items", "Solution Items", "{860CB76D-4ACE-4DE3-95C7-AF2A645A1763}"
	ProjectSection(SolutionItems) = preProject
		Compose\.env = Compose\.env
		Compose\docker-compose.yml = Compose\docker-compose.yml
	EndProjectSection
EndProject
Project("{9A19103F-16F7-4668-BE54-9A1E7A4F7556}") = "Services", "Services\Services.csproj", "{F479251A-ACA6-4CDC-B623-78BD4B818393}"
EndProject
Project("{9A19103F-16F7-4668-BE54-9A1E7A4F7556}") = "Interceptor", "Interceptor\Interceptor.csproj", "{487CA8DF-09F2-4412-8619-6353CDB3A8B1}"
EndProject
Project("{9A19103F-16F7-4668-BE54-9A1E7A4F7556}") = "Api", "Api\Api.csproj", "{AAF81624-5179-4352-8EDB-73277D13541C}"
EndProject
Project("{9A19103F-16F7-4668-BE54-9A1E7A4F7556}") = "Handlers", "Handlers\Handlers.csproj", "{5807E870-2427-49B9-849A-21E768E6344C}"
EndProject
Project("{9A19103F-16F7-4668-BE54-9A1E7A4F7556}") = "Infrastructure", "Infrastructure\Infrastructure.csproj", "{89FD0581-FACC-4CE7-B062-0C10DB17F233}"
EndProject
Global
	GlobalSection(SolutionConfigurationPlatforms) = preSolution
		Debug|Any CPU = Debug|Any CPU
		Release|Any CPU = Release|Any CPU
	EndGlobalSection
	GlobalSection(ProjectConfigurationPlatforms) = postSolution
		{93724DEE-DDE7-4B98-9937-87739933CA29}.Debug|Any CPU.ActiveCfg = Debug|Any CPU
		{93724DEE-DDE7-4B98-9937-87739933CA29}.Debug|Any CPU.Build.0 = Debug|Any CPU
		{93724DEE-DDE7-4B98-9937-87739933CA29}.Release|Any CPU.ActiveCfg = Release|Any CPU
		{93724DEE-DDE7-4B98-9937-87739933CA29}.Release|Any CPU.Build.0 = Release|Any CPU
		{6D2F26DE-7E00-4F92-A74B-3C3B9637146D}.Debug|Any CPU.ActiveCfg = Debug|Any CPU
		{6D2F26DE-7E00-4F92-A74B-3C3B9637146D}.Debug|Any CPU.Build.0 = Debug|Any CPU
		{6D2F26DE-7E00-4F92-A74B-3C3B9637146D}.Release|Any CPU.ActiveCfg = Release|Any CPU
		{6D2F26DE-7E00-4F92-A74B-3C3B9637146D}.Release|Any CPU.Build.0 = Release|Any CPU
		{F479251A-ACA6-4CDC-B623-78BD4B818393}.Debug|Any CPU.ActiveCfg = Debug|Any CPU
		{F479251A-ACA6-4CDC-B623-78BD4B818393}.Debug|Any CPU.Build.0 = Debug|Any CPU
		{F479251A-ACA6-4CDC-B623-78BD4B818393}.Release|Any CPU.ActiveCfg = Release|Any CPU
		{F479251A-ACA6-4CDC-B623-78BD4B818393}.Release|Any CPU.Build.0 = Release|Any CPU
		{487CA8DF-09F2-4412-8619-6353CDB3A8B1}.Debug|Any CPU.ActiveCfg = Debug|Any CPU
		{487CA8DF-09F2-4412-8619-6353CDB3A8B1}.Debug|Any CPU.Build.0 = Debug|Any CPU
		{487CA8DF-09F2-4412-8619-6353CDB3A8B1}.Release|Any CPU.ActiveCfg = Release|Any CPU
		{487CA8DF-09F2-4412-8619-6353CDB3A8B1}.Release|Any CPU.Build.0 = Release|Any CPU
		{AAF81624-5179-4352-8EDB-73277D13541C}.Debug|Any CPU.ActiveCfg = Debug|Any CPU
		{AAF81624-5179-4352-8EDB-73277D13541C}.Debug|Any CPU.Build.0 = Debug|Any CPU
		{AAF81624-5179-4352-8EDB-73277D13541C}.Release|Any CPU.ActiveCfg = Release|Any CPU
		{AAF81624-5179-4352-8EDB-73277D13541C}.Release|Any CPU.Build.0 = Release|Any CPU
		{5807E870-2427-49B9-849A-21E768E6344C}.Debug|Any CPU.ActiveCfg = Debug|Any CPU
		{5807E870-2427-49B9-849A-21E768E6344C}.Debug|Any CPU.Build.0 = Debug|Any CPU
		{5807E870-2427-49B9-849A-21E768E6344C}.Release|Any CPU.ActiveCfg = Release|Any CPU
		{5807E870-2427-49B9-849A-21E768E6344C}.Release|Any CPU.Build.0 = Release|Any CPU
		{89FD0581-FACC-4CE7-B062-0C10DB17F233}.Debug|Any CPU.ActiveCfg = Debug|Any CPU
		{89FD0581-FACC-4CE7-B062-0C10DB17F233}.Debug|Any CPU.Build.0 = Debug|Any CPU
		{89FD0581-FACC-4CE7-B062-0C10DB17F233}.Release|Any CPU.ActiveCfg = Release|Any CPU
		{89FD0581-FACC-4CE7-B062-0C10DB17F233}.Release|Any CPU.Build.0 = Release|Any CPU
	EndGlobalSection
	GlobalSection(SolutionProperties) = preSolution
		HideSolutionNode = FALSE
	EndGlobalSection
	GlobalSection(ExtensibilityGlobals) = postSolution
		SolutionGuid = {8F1C0967-EB64-47F9-BE6F-F3687371E8FE}
	EndGlobalSection
EndGlobal
